
Microsoft Visual Studio Solution File, Format Version 12.00
# Visual Studio Version 16
VisualStudioVersion = 16.0.32002.261
MinimumVisualStudioVersion = 10.0.40219.1
Project("{9A19103F-16F7-4668-BE54-9A1E7A4F7556}") = "ConsoleLoader", "ConsoleLoader.csproj", "{D687E53C-11AE-4DEF-A50D-0D8845627594}"
EndProject
Global
	GlobalSection(SolutionConfigurationPlatforms) = preSolution
		Debug|Any CPU = Debug|Any CPU
		Release|Any CPU = Release|Any CPU
	EndGlobalSection
	GlobalSection(ProjectConfigurationPlatforms) = postSolution
		{D687E53C-11AE-4DEF-A50D-0D8845627594}.Debug|Any CPU.ActiveCfg = Debug|Any CPU
		{D687E53C-11AE-4DEF-A50D-0D8845627594}.Debug|Any CPU.Build.0 = Debug|Any CPU
		{D687E53C-11AE-4DEF-A50D-0D8845627594}.Release|Any CPU.ActiveCfg = Release|Any CPU
		{D687E53C-11AE-4DEF-A50D-0D8845627594}.Release|Any CPU.Build.0 = Release|Any CPU
	EndGlobalSection
	GlobalSection(SolutionProperties) = preSolution
		HideSolutionNode = FALSE
	EndGlobalSection
	GlobalSection(ExtensibilityGlobals) = postSolution
		SolutionGuid = {67487C33-C61F-44E1-8330-D7F64D731E45}
	EndGlobalSection
EndGlobal
